
Microsoft Visual Studio Solution File, Format Version 12.00
# Visual Studio Version 17
VisualStudioVersion = 17.7.34018.315
MinimumVisualStudioVersion = 10.0.40219.1
Project("{FAE04EC0-301F-11D3-BF4B-00C04F79EFBC}") = "apiSeguros", "apiSeguros\apiSeguros.csproj", "{9B624299-B39F-4463-BCBB-0E2322C8862D}"
EndProject
Global
	GlobalSection(SolutionConfigurationPlatforms) = preSolution
		Debug|Any CPU = Debug|Any CPU
		Release|Any CPU = Release|Any CPU
	EndGlobalSection
	GlobalSection(ProjectConfigurationPlatforms) = postSolution
		{9B624299-B39F-4463-BCBB-0E2322C8862D}.Debug|Any CPU.ActiveCfg = Debug|Any CPU
		{9B624299-B39F-4463-BCBB-0E2322C8862D}.Debug|Any CPU.Build.0 = Debug|Any CPU
		{9B624299-B39F-4463-BCBB-0E2322C8862D}.Release|Any CPU.ActiveCfg = Release|Any CPU
		{9B624299-B39F-4463-BCBB-0E2322C8862D}.Release|Any CPU.Build.0 = Release|Any CPU
	EndGlobalSection
	GlobalSection(SolutionProperties) = preSolution
		HideSolutionNode = FALSE
	EndGlobalSection
	GlobalSection(ExtensibilityGlobals) = postSolution
		SolutionGuid = {ED82A14A-F9AB-4285-90A0-397F64CACB68}
	EndGlobalSection
EndGlobal
